{
  "name": "package-layer-example",
  "lockfileVersion": 3,
  "requires": true,
  "packages": {
    "": {
      "name": "package-layer-example",
      "devDependencies": {
        "@examples/company-rules": "file:./packages/company-rules"
      }
    },
    "node_modules/@examples/company-rules": {
      "resolved": "packages/company-rules",
      "link": true
    },
    "packages/company-rules": {
      "name": "@examples/company-rules",
      "version": "1.0.0",
      "dev": true
    }
  }
}
